
Microsoft Visual Studio Solution File, Format Version 12.00
# Visual Studio Version 17
VisualStudioVersion = 17.4.33110.190
MinimumVisualStudioVersion = 10.0.40219.1
Project("{FAE04EC0-301F-11D3-BF4B-00C04F79EFBC}") = "WindowsFormsApp2", "WindowsFormsApp2\WindowsFormsApp2.csproj", "{1D504E25-4B0F-4F77-9F18-55664CF26614}"
EndProject
Global
	GlobalSection(SolutionConfigurationPlatforms) = preSolution
		Debug|Any CPU = Debug|Any CPU
		Release|Any CPU = Release|Any CPU
	EndGlobalSection
	GlobalSection(ProjectConfigurationPlatforms) = postSolution
		{1D504E25-4B0F-4F77-9F18-55664CF26614}.Debug|Any CPU.ActiveCfg = Debug|Any CPU
		{1D504E25-4B0F-4F77-9F18-55664CF26614}.Debug|Any CPU.Build.0 = Debug|Any CPU
		{1D504E25-4B0F-4F77-9F18-55664CF26614}.Release|Any CPU.ActiveCfg = Release|Any CPU
		{1D504E25-4B0F-4F77-9F18-55664CF26614}.Release|Any CPU.Build.0 = Release|Any CPU
	EndGlobalSection
	GlobalSection(SolutionProperties) = preSolution
		HideSolutionNode = FALSE
	EndGlobalSection
	GlobalSection(ExtensibilityGlobals) = postSolution
		SolutionGuid = {8C12AF7C-A615-469C-B216-49563AA72407}
	EndGlobalSection
EndGlobal
